
Microsoft Visual Studio Solution File, Format Version 12.00
# Visual Studio Express 2013 for Windows Desktop
VisualStudioVersion = 12.0.21005.1
MinimumVisualStudioVersion = 10.0.40219.1
Project("{8BC9CEB8-8B4A-11D0-8D11-00A0C91BC942}") = "BookStoreApp", "BookStoreApp\BookStoreApp.vcxproj", "{13CAD3D5-A4AD-41C9-883B-EF36F56A734E}"
EndProject
Project("{8BC9CEB8-8B4A-11D0-8D11-00A0C91BC942}") = "Project", "..\..\..\Documents\Visual Studio 2013\Projects\Project\Project\Project.vcxproj", "{3C53D979-E6AC-4B50-907A-2FA71CBC18FA}"
EndProject
Global
	GlobalSection(SolutionConfigurationPlatforms) = preSolution
		Debug|Win32 = Debug|Win32
		Release|Win32 = Release|Win32
	EndGlobalSection
	GlobalSection(ProjectConfigurationPlatforms) = postSolution
		{13CAD3D5-A4AD-41C9-883B-EF36F56A734E}.Debug|Win32.ActiveCfg = Debug|Win32
		{13CAD3D5-A4AD-41C9-883B-EF36F56A734E}.Debug|Win32.Build.0 = Debug|Win32
		{13CAD3D5-A4AD-41C9-883B-EF36F56A734E}.Release|Win32.ActiveCfg = Release|Win32
		{13CAD3D5-A4AD-41C9-883B-EF36F56A734E}.Release|Win32.Build.0 = Release|Win32
		{3C53D979-E6AC-4B50-907A-2FA71CBC18FA}.Debug|Win32.ActiveCfg = Debug|Win32
		{3C53D979-E6AC-4B50-907A-2FA71CBC18FA}.Debug|Win32.Build.0 = Debug|Win32
		{3C53D979-E6AC-4B50-907A-2FA71CBC18FA}.Release|Win32.ActiveCfg = Release|Win32
		{3C53D979-E6AC-4B50-907A-2FA71CBC18FA}.Release|Win32.Build.0 = Release|Win32
	EndGlobalSection
	GlobalSection(SolutionProperties) = preSolution
		HideSolutionNode = FALSE
	EndGlobalSection
EndGlobal
